// !$*UTF8*$!
{
	archiveVersion = 1;
	classes = {
	};
	objectVersion = 51;
	objects = {

/* Begin PBXBuildFile section */
		143674AC1E884403C28F55F2 /* Pods_Flixster.framework in Frameworks */ = {isa = PBXBuildFile; fileRef = B37B2A7BDCC33BBC9083EBDD /* Pods_Flixster.framework */; };
		44EE1A68FBB59500A876C289 /* Pods_Flixster_FlixsterUITests.framework in Frameworks */ = {isa = PBXBuildFile; fileRef = 64FF4047109F14D04118CD82 /* Pods_Flixster_FlixsterUITests.framework */; };
		54487FBA8BC8A25BFD88193F /* Pods_FlixsterTests.framework in Frameworks */ = {isa = PBXBuildFile; fileRef = 57927092846FBD7319E6F3F7 /* Pods_FlixsterTests.framework */; };
		FD4CDD122506ECBF00CECEA4 /* AppDelegate.swift in Sources */ = {isa = PBXBuildFile; fileRef = FD4CDD112506ECBF00CECEA4 /* AppDelegate.swift */; };
		FD4CDD142506ECBF00CECEA4 /* SceneDelegate.swift in Sources */ = {isa = PBXBuildFile; fileRef = FD4CDD132506ECBF00CECEA4 /* SceneDelegate.swift */; };
		FD4CDD192506ECBF00CECEA4 /* Main.storyboard in Resources */ = {isa = PBXBuildFile; fileRef = FD4CDD172506ECBF00CECEA4 /* Main.storyboard */; };
		FD4CDD1B2506ECC000CECEA4 /* Assets.xcassets in Resources */ = {isa = PBXBuildFile; fileRef = FD4CDD1A2506ECC000CECEA4 /* Assets.xcassets */; };
		FD4CDD1E2506ECC000CECEA4 /* LaunchScreen.storyboard in Resources */ = {isa = PBXBuildFile; fileRef = FD4CDD1C2506ECC000CECEA4 /* LaunchScreen.storyboard */; };
		FD4CDD292506ECC000CECEA4 /* FlixsterTests.swift in Sources */ = {isa = PBXBuildFile; fileRef = FD4CDD282506ECC000CECEA4 /* FlixsterTests.swift */; };
		FD4CDD342506ECC000CECEA4 /* FlixsterUITests.swift in Sources */ = {isa = PBXBuildFile; fileRef = FD4CDD332506ECC000CECEA4 /* FlixsterUITests.swift */; };
		FD4CDD422506ED5300CECEA4 /* MoviesViewController.swift in Sources */ = {isa = PBXBuildFile; fileRef = FD4CDD412506ED5300CECEA4 /* MoviesViewController.swift */; };
		FD4CDD4425070D0400CECEA4 /* MovieCell.swift in Sources */ = {isa = PBXBuildFile; fileRef = FD4CDD4325070D0400CECEA4 /* MovieCell.swift */; };
		FDA882A12510558100EC5EB1 /* MovieGridViewController.swift in Sources */ = {isa = PBXBuildFile; fileRef = FDA882A02510558100EC5EB1 /* MovieGridViewController.swift */; };
		FDA882A325105AAE00EC5EB1 /* MovieGridCell.swift in Sources */ = {isa = PBXBuildFile; fileRef = FDA882A225105AAE00EC5EB1 /* MovieGridCell.swift */; };
		FDF5633D25101FF400386C00 /* MovieDetailsViewController.swift in Sources */ = {isa = PBXBuildFile; fileRef = FDF5633C25101FF400386C00 /* MovieDetailsViewController.swift */; };
/* End PBXBuildFile section */

/* Begin PBXContainerItemProxy section */
		FD4CDD252506ECC000CECEA4 /* PBXContainerItemProxy */ = {
			isa = PBXContainerItemProxy;
			containerPortal = FD4CDD062506ECBF00CECEA4 /* Project object */;
			proxyType = 1;
			remoteGlobalIDString = FD4CDD0D2506ECBF00CECEA4;
			remoteInfo = Flixster;
		};
		FD4CDD302506ECC000CECEA4 /* PBXContainerItemProxy */ = {
			isa = PBXContainerItemProxy;
			containerPortal = FD4CDD062506ECBF00CECEA4 /* Project object */;
			proxyType = 1;
			remoteGlobalIDString = FD4CDD0D2506ECBF00CECEA4;
			remoteInfo = Flixster;
		};
/* End PBXContainerItemProxy section */

/* Begin PBXFileReference section */
		2443D7F7F1B340403B60EA46 /* Pods-Flixster-FlixsterUITests.release.xcconfig */ = {isa = PBXFileReference; includeInIndex = 1; lastKnownFileType = text.xcconfig; name = "Pods-Flixster-FlixsterUITests.release.xcconfig"; path = "Target Support Files/Pods-Flixster-FlixsterUITests/Pods-Flixster-FlixsterUITests.release.xcconfig"; sourceTree = "<group>"; };
		4E2B8E02E5A7622B1EACB4CC /* Pods-Flixster-FlixsterUITests.debug.xcconfig */ = {isa = PBXFileReference; includeInIndex = 1; lastKnownFileType = text.xcconfig; name = "Pods-Flixster-FlixsterUITests.debug.xcconfig"; path = "Target Support Files/Pods-Flixster-FlixsterUITests/Pods-Flixster-FlixsterUITests.debug.xcconfig"; sourceTree = "<group>"; };
		57927092846FBD7319E6F3F7 /* Pods_FlixsterTests.framework */ = {isa = PBXFileReference; explicitFileType = wrapper.framework; includeInIndex = 0; path = Pods_FlixsterTests.framework; sourceTree = BUILT_PRODUCTS_DIR; };
		64FF4047109F14D04118CD82 /* Pods_Flixster_FlixsterUITests.framework */ = {isa = PBXFileReference; explicitFileType = wrapper.framework; includeInIndex = 0; path = Pods_Flixster_FlixsterUITests.framework; sourceTree = BUILT_PRODUCTS_DIR; };
		991D7E7154F2307D3CFC1D7E /* Pods-FlixsterTests.debug.xcconfig */ = {isa = PBXFileReference; includeInIndex = 1; lastKnownFileType = text.xcconfig; name = "Pods-FlixsterTests.debug.xcconfig"; path = "Target Support Files/Pods-FlixsterTests/Pods-FlixsterTests.debug.xcconfig"; sourceTree = "<group>"; };
		B37B2A7BDCC33BBC9083EBDD /* Pods_Flixster.framework */ = {isa = PBXFileReference; explicitFileType = wrapper.framework; includeInIndex = 0; path = Pods_Flixster.framework; sourceTree = BUILT_PRODUCTS_DIR; };
		D81229737490020310ECB54F /* Pods-Flixster.release.xcconfig */ = {isa = PBXFileReference; includeInIndex = 1; lastKnownFileType = text.xcconfig; name = "Pods-Flixster.release.xcconfig"; path = "Target Support Files/Pods-Flixster/Pods-Flixster.release.xcconfig"; sourceTree = "<group>"; };
		F36A53FD89ABBAD343C135E1 /* Pods-FlixsterTests.release.xcconfig */ = {isa = PBXFileReference; includeInIndex = 1; lastKnownFileType = text.xcconfig; name = "Pods-FlixsterTests.release.xcconfig"; path = "Target Support Files/Pods-FlixsterTests/Pods-FlixsterTests.release.xcconfig"; sourceTree = "<group>"; };
		FA277787D91A8B2535C60DE6 /* Pods-Flixster.debug.xcconfig */ = {isa = PBXFileReference; includeInIndex = 1; lastKnownFileType = text.xcconfig; name = "Pods-Flixster.debug.xcconfig"; path = "Target Support Files/Pods-Flixster/Pods-Flixster.debug.xcconfig"; sourceTree = "<group>"; };
		FD4CDD0E2506ECBF00CECEA4 /* Flixster.app */ = {isa = PBXFileReference; explicitFileType = wrapper.application; includeInIndex = 0; path = Flixster.app; sourceTree = BUILT_PRODUCTS_DIR; };
		FD4CDD112506ECBF00CECEA4 /* AppDelegate.swift */ = {isa = PBXFileReference; lastKnownFileType = sourcecode.swift; path = AppDelegate.swift; sourceTree = "<group>"; };
		FD4CDD132506ECBF00CECEA4 /* SceneDelegate.swift */ = {isa = PBXFileReference; lastKnownFileType = sourcecode.swift; path = SceneDelegate.swift; sourceTree = "<group>"; };
		FD4CDD182506ECBF00CECEA4 /* Base */ = {isa = PBXFileReference; lastKnownFileType = file.storyboard; name = Base; path = Base.lproj/Main.storyboard; sourceTree = "<group>"; };
		FD4CDD1A2506ECC000CECEA4 /* Assets.xcassets */ = {isa = PBXFileReference; lastKnownFileType = folder.assetcatalog; path = Assets.xcassets; sourceTree = "<group>"; };
		FD4CDD1D2506ECC000CECEA4 /* Base */ = {isa = PBXFileReference; lastKnownFileType = file.storyboard; name = Base; path = Base.lproj/LaunchScreen.storyboard; sourceTree = "<group>"; };
		FD4CDD1F2506ECC000CECEA4 /* Info.plist */ = {isa = PBXFileReference; lastKnownFileType = text.plist.xml; path = Info.plist; sourceTree = "<group>"; };
		FD4CDD242506ECC000CECEA4 /* FlixsterTests.xctest */ = {isa = PBXFileReference; explicitFileType = wrapper.cfbundle; includeInIndex = 0; path = FlixsterTests.xctest; sourceTree = BUILT_PRODUCTS_DIR; };
		FD4CDD282506ECC000CECEA4 /* FlixsterTests.swift */ = {isa = PBXFileReference; lastKnownFileType = sourcecode.swift; path = FlixsterTests.swift; sourceTree = "<group>"; };
		FD4CDD2A2506ECC000CECEA4 /* Info.plist */ = {isa = PBXFileReference; lastKnownFileType = text.plist.xml; path = Info.plist; sourceTree = "<group>"; };
		FD4CDD2F2506ECC000CECEA4 /* FlixsterUITests.xctest */ = {isa = PBXFileReference; explicitFileType = wrapper.cfbundle; includeInIndex = 0; path = FlixsterUITests.xctest; sourceTree = BUILT_PRODUCTS_DIR; };
		FD4CDD332506ECC000CECEA4 /* FlixsterUITests.swift */ = {isa = PBXFileReference; lastKnownFileType = sourcecode.swift; path = FlixsterUITests.swift; sourceTree = "<group>"; };
		FD4CDD352506ECC000CECEA4 /* Info.plist */ = {isa = PBXFileReference; lastKnownFileType = text.plist.xml; path = Info.plist; sourceTree = "<group>"; };
		FD4CDD412506ED5300CECEA4 /* MoviesViewController.swift */ = {isa = PBXFileReference; lastKnownFileType = sourcecode.swift; path = MoviesViewController.swift; sourceTree = "<group>"; };
		FD4CDD4325070D0400CECEA4 /* MovieCell.swift */ = {isa = PBXFileReference; lastKnownFileType = sourcecode.swift; path = MovieCell.swift; sourceTree = "<group>"; };
		FDA882A02510558100EC5EB1 /* MovieGridViewController.swift */ = {isa = PBXFileReference; lastKnownFileType = sourcecode.swift; path = MovieGridViewController.swift; sourceTree = "<group>"; };
		FDA882A225105AAE00EC5EB1 /* MovieGridCell.swift */ = {isa = PBXFileReference; lastKnownFileType = sourcecode.swift; path = MovieGridCell.swift; sourceTree = "<group>"; };
		FDF5633C25101FF400386C00 /* MovieDetailsViewController.swift */ = {isa = PBXFileReference; lastKnownFileType = sourcecode.swift; path = MovieDetailsViewController.swift; sourceTree = "<group>"; };
/* End PBXFileReference section */

/* Begin PBXFrameworksBuildPhase section */
		FD4CDD0B2506ECBF00CECEA4 /* Frameworks */ = {
			isa = PBXFrameworksBuildPhase;
			buildActionMask = 2147483647;
			files = (
				143674AC1E884403C28F55F2 /* Pods_Flixster.framework in Frameworks */,
			);
			runOnlyForDeploymentPostprocessing = 0;
		};
		FD4CDD212506ECC000CECEA4 /* Frameworks */ = {
			isa = PBXFrameworksBuildPhase;
			buildActionMask = 2147483647;
			files = (
				54487FBA8BC8A25BFD88193F /* Pods_FlixsterTests.framework in Frameworks */,
			);
			runOnlyForDeploymentPostprocessing = 0;
		};
		FD4CDD2C2506ECC000CECEA4 /* Frameworks */ = {
			isa = PBXFrameworksBuildPhase;
			buildActionMask = 2147483647;
			files = (
				44EE1A68FBB59500A876C289 /* Pods_Flixster_FlixsterUITests.framework in Frameworks */,
			);
			runOnlyForDeploymentPostprocessing = 0;
		};
/* End PBXFrameworksBuildPhase section */

/* Begin PBXGroup section */
		7EC088D4DD67FA46F87D6C80 /* Frameworks */ = {
			isa = PBXGroup;
			children = (
				B37B2A7BDCC33BBC9083EBDD /* Pods_Flixster.framework */,
				64FF4047109F14D04118CD82 /* Pods_Flixster_FlixsterUITests.framework */,
				57927092846FBD7319E6F3F7 /* Pods_FlixsterTests.framework */,
			);
			name = Frameworks;
			sourceTree = "<group>";
		};
		EBAB32C3CAD9E6BFDDE93869 /* Pods */ = {
			isa = PBXGroup;
			children = (
				FA277787D91A8B2535C60DE6 /* Pods-Flixster.debug.xcconfig */,
				D81229737490020310ECB54F /* Pods-Flixster.release.xcconfig */,
				4E2B8E02E5A7622B1EACB4CC /* Pods-Flixster-FlixsterUITests.debug.xcconfig */,
				2443D7F7F1B340403B60EA46 /* Pods-Flixster-FlixsterUITests.release.xcconfig */,
				991D7E7154F2307D3CFC1D7E /* Pods-FlixsterTests.debug.xcconfig */,
				F36A53FD89ABBAD343C135E1 /* Pods-FlixsterTests.release.xcconfig */,
			);
			path = Pods;
			sourceTree = "<group>";
		};
		FD4CDD052506ECBF00CECEA4 = {
			isa = PBXGroup;
			children = (
				FD4CDD102506ECBF00CECEA4 /* Flixster */,
				FD4CDD272506ECC000CECEA4 /* FlixsterTests */,
				FD4CDD322506ECC000CECEA4 /* FlixsterUITests */,
				FD4CDD0F2506ECBF00CECEA4 /* Products */,
				EBAB32C3CAD9E6BFDDE93869 /* Pods */,
				7EC088D4DD67FA46F87D6C80 /* Frameworks */,
			);
			sourceTree = "<group>";
		};
		FD4CDD0F2506ECBF00CECEA4 /* Products */ = {
			isa = PBXGroup;
			children = (
				FD4CDD0E2506ECBF00CECEA4 /* Flixster.app */,
				FD4CDD242506ECC000CECEA4 /* FlixsterTests.xctest */,
				FD4CDD2F2506ECC000CECEA4 /* FlixsterUITests.xctest */,
			);
			name = Products;
			sourceTree = "<group>";
		};
		FD4CDD102506ECBF00CECEA4 /* Flixster */ = {
			isa = PBXGroup;
			children = (
				FD4CDD112506ECBF00CECEA4 /* AppDelegate.swift */,
				FD4CDD132506ECBF00CECEA4 /* SceneDelegate.swift */,
				FD4CDD172506ECBF00CECEA4 /* Main.storyboard */,
				FD4CDD1A2506ECC000CECEA4 /* Assets.xcassets */,
				FD4CDD1C2506ECC000CECEA4 /* LaunchScreen.storyboard */,
				FD4CDD1F2506ECC000CECEA4 /* Info.plist */,
				FD4CDD412506ED5300CECEA4 /* MoviesViewController.swift */,
				FD4CDD4325070D0400CECEA4 /* MovieCell.swift */,
				FDF5633C25101FF400386C00 /* MovieDetailsViewController.swift */,
				FDA882A02510558100EC5EB1 /* MovieGridViewController.swift */,
				FDA882A225105AAE00EC5EB1 /* MovieGridCell.swift */,
			);
			path = Flixster;
			sourceTree = "<group>";
		};
		FD4CDD272506ECC000CECEA4 /* FlixsterTests */ = {
			isa = PBXGroup;
			children = (
				FD4CDD282506ECC000CECEA4 /* FlixsterTests.swift */,
				FD4CDD2A2506ECC000CECEA4 /* Info.plist */,
			);
			path = FlixsterTests;
			sourceTree = "<group>";
		};
		FD4CDD322506ECC000CECEA4 /* FlixsterUITests */ = {
			isa = PBXGroup;
			children = (
				FD4CDD332506ECC000CECEA4 /* FlixsterUITests.swift */,
				FD4CDD352506ECC000CECEA4 /* Info.plist */,
			);
			path = FlixsterUITests;
			sourceTree = "<group>";
		};
/* End PBXGroup section */

/* Begin PBXNativeTarget section */
		FD4CDD0D2506ECBF00CECEA4 /* Flixster */ = {
			isa = PBXNativeTarget;
			buildConfigurationList = FD4CDD382506ECC000CECEA4 /* Build configuration list for PBXNativeTarget "Flixster" */;
			buildPhases = (
				917D1A307C72195F4FA0AC3C /* [CP] Check Pods Manifest.lock */,
				FD4CDD0A2506ECBF00CECEA4 /* Sources */,
				FD4CDD0B2506ECBF00CECEA4 /* Frameworks */,
				FD4CDD0C2506ECBF00CECEA4 /* Resources */,
				33A6037204F4DCC7283B11D5 /* [CP] Embed Pods Frameworks */,
			);
			buildRules = (
			);
			dependencies = (
			);
			name = Flixster;
			productName = Flixster;
			productReference = FD4CDD0E2506ECBF00CECEA4 /* Flixster.app */;
			productType = "com.apple.product-type.application";
		};
		FD4CDD232506ECC000CECEA4 /* FlixsterTests */ = {
			isa = PBXNativeTarget;
			buildConfigurationList = FD4CDD3B2506ECC000CECEA4 /* Build configuration list for PBXNativeTarget "FlixsterTests" */;
			buildPhases = (
				DD4633ED9308D77F65606AFB /* [CP] Check Pods Manifest.lock */,
				FD4CDD202506ECC000CECEA4 /* Sources */,
				FD4CDD212506ECC000CECEA4 /* Frameworks */,
				FD4CDD222506ECC000CECEA4 /* Resources */,
			);
			buildRules = (
			);
			dependencies = (
				FD4CDD262506ECC000CECEA4 /* PBXTargetDependency */,
			);
			name = FlixsterTests;
			productName = FlixsterTests;
			productReference = FD4CDD242506ECC000CECEA4 /* FlixsterTests.xctest */;
			productType = "com.apple.product-type.bundle.unit-test";
		};
		FD4CDD2E2506ECC000CECEA4 /* FlixsterUITests */ = {
			isa = PBXNativeTarget;
			buildConfigurationList = FD4CDD3E2506ECC000CECEA4 /* Build configuration list for PBXNativeTarget "FlixsterUITests" */;
			buildPhases = (
				A49090FD97E21D60F4C54AF3 /* [CP] Check Pods Manifest.lock */,
				FD4CDD2B2506ECC000CECEA4 /* Sources */,
				FD4CDD2C2506ECC000CECEA4 /* Frameworks */,
				FD4CDD2D2506ECC000CECEA4 /* Resources */,
				E82934687AF5A208C2E52362 /* [CP] Embed Pods Frameworks */,
			);
			buildRules = (
			);
			dependencies = (
				FD4CDD312506ECC000CECEA4 /* PBXTargetDependency */,
			);
			name = FlixsterUITests;
			productName = FlixsterUITests;
			productReference = FD4CDD2F2506ECC000CECEA4 /* FlixsterUITests.xctest */;
			productType = "com.apple.product-type.bundle.ui-testing";
		};
/* End PBXNativeTarget section */

/* Begin PBXProject section */
		FD4CDD062506ECBF00CECEA4 /* Project object */ = {
			isa = PBXProject;
			attributes = {
				LastSwiftUpdateCheck = 1170;
				LastUpgradeCheck = 1170;
				ORGANIZATIONNAME = "Brandon Urbina";
				TargetAttributes = {
					FD4CDD0D2506ECBF00CECEA4 = {
						CreatedOnToolsVersion = 11.7;
					};
					FD4CDD232506ECC000CECEA4 = {
						CreatedOnToolsVersion = 11.7;
						TestTargetID = FD4CDD0D2506ECBF00CECEA4;
					};
					FD4CDD2E2506ECC000CECEA4 = {
						CreatedOnToolsVersion = 11.7;
						TestTargetID = FD4CDD0D2506ECBF00CECEA4;
					};
				};
			};
			buildConfigurationList = FD4CDD092506ECBF00CECEA4 /* Build configuration list for PBXProject "Flixster" */;
			compatibilityVersion = "Xcode 9.3";
			developmentRegion = en;
			hasScannedForEncodings = 0;
			knownRegions = (
				en,
				Base,
			);
			mainGroup = FD4CDD052506ECBF00CECEA4;
			productRefGroup = FD4CDD0F2506ECBF00CECEA4 /* Products */;
			projectDirPath = "";
			projectRoot = "";
			targets = (
				FD4CDD0D2506ECBF00CECEA4 /* Flixster */,
				FD4CDD232506ECC000CECEA4 /* FlixsterTests */,
				FD4CDD2E2506ECC000CECEA4 /* FlixsterUITests */,
			);
		};
/* End PBXProject section */

/* Begin PBXResourcesBuildPhase section */
		FD4CDD0C2506ECBF00CECEA4 /* Resources */ = {
			isa = PBXResourcesBuildPhase;
			buildActionMask = 2147483647;
			files = (
				FD4CDD1E2506ECC000CECEA4 /* LaunchScreen.storyboard in Resources */,
				FD4CDD1B2506ECC000CECEA4 /* Assets.xcassets in Resources */,
				FD4CDD192506ECBF00CECEA4 /* Main.storyboard in Resources */,
			);
			runOnlyForDeploymentPostprocessing = 0;
		};
		FD4CDD222506ECC000CECEA4 /* Resources */ = {
			isa = PBXResourcesBuildPhase;
			buildActionMask = 2147483647;
			files = (
			);
			runOnlyForDeploymentPostprocessing = 0;
		};
		FD4CDD2D2506ECC000CECEA4 /* Resources */ = {
			isa = PBXResourcesBuildPhase;
			buildActionMask = 2147483647;
			files = (
			);
			runOnlyForDeploymentPostprocessing = 0;
		};
/* End PBXResourcesBuildPhase section */

/* Begin PBXShellScriptBuildPhase section */
		33A6037204F4DCC7283B11D5 /* [CP] Embed Pods Frameworks */ = {
			isa = PBXShellScriptBuildPhase;
			buildActionMask = 2147483647;
			files = (
			);
			inputFileListPaths = (
				"${PODS_ROOT}/Target Support Files/Pods-Flixster/Pods-Flixster-frameworks-${CONFIGURATION}-input-files.xcfilelist",
			);
			name = "[CP] Embed Pods Frameworks";
			outputFileListPaths = (
				"${PODS_ROOT}/Target Support Files/Pods-Flixster/Pods-Flixster-frameworks-${CONFIGURATION}-output-files.xcfilelist",
			);
			runOnlyForDeploymentPostprocessing = 0;
			shellPath = /bin/sh;
			shellScript = "\"${PODS_ROOT}/Target Support Files/Pods-Flixster/Pods-Flixster-frameworks.sh\"\n";
			showEnvVarsInLog = 0;
		};
		917D1A307C72195F4FA0AC3C /* [CP] Check Pods Manifest.lock */ = {
			isa = PBXShellScriptBuildPhase;
			buildActionMask = 2147483647;
			files = (
			);
			inputFileListPaths = (
			);
			inputPaths = (
				"${PODS_PODFILE_DIR_PATH}/Podfile.lock",
				"${PODS_ROOT}/Manifest.lock",
			);
			name = "[CP] Check Pods Manifest.lock";
			outputFileListPaths = (
			);
			outputPaths = (
				"$(DERIVED_FILE_DIR)/Pods-Flixster-checkManifestLockResult.txt",
			);
			runOnlyForDeploymentPostprocessing = 0;
			shellPath = /bin/sh;
			shellScript = "diff \"${PODS_PODFILE_DIR_PATH}/Podfile.lock\" \"${PODS_ROOT}/Manifest.lock\" > /dev/null\nif [ $? != 0 ] ; then\n    # print error to STDERR\n    echo \"error: The sandbox is not in sync with the Podfile.lock. Run 'pod install' or update your CocoaPods installation.\" >&2\n    exit 1\nfi\n# This output is used by Xcode 'outputs' to avoid re-running this script phase.\necho \"SUCCESS\" > \"${SCRIPT_OUTPUT_FILE_0}\"\n";
			showEnvVarsInLog = 0;
		};
		A49090FD97E21D60F4C54AF3 /* [CP] Check Pods Manifest.lock */ = {
			isa = PBXShellScriptBuildPhase;
			buildActionMask = 2147483647;
			files = (
			);
			inputFileListPaths = (
			);
			inputPaths = (
				"${PODS_PODFILE_DIR_PATH}/Podfile.lock",
				"${PODS_ROOT}/Manifest.lock",
			);
			name = "[CP] Check Pods Manifest.lock";
			outputFileListPaths = (
			);
			outputPaths = (
				"$(DERIVED_FILE_DIR)/Pods-Flixster-FlixsterUITests-checkManifestLockResult.txt",
			);
			runOnlyForDeploymentPostprocessing = 0;
			shellPath = /bin/sh;
			shellScript = "diff \"${PODS_PODFILE_DIR_PATH}/Podfile.lock\" \"${PODS_ROOT}/Manifest.lock\" > /dev/null\nif [ $? != 0 ] ; then\n    # print error to STDERR\n    echo \"error: The sandbox is not in sync with the Podfile.lock. Run 'pod install' or update your CocoaPods installation.\" >&2\n    exit 1\nfi\n# This output is used by Xcode 'outputs' to avoid re-running this script phase.\necho \"SUCCESS\" > \"${SCRIPT_OUTPUT_FILE_0}\"\n";
			showEnvVarsInLog = 0;
		};
		DD4633ED9308D77F65606AFB /* [CP] Check Pods Manifest.lock */ = {
			isa = PBXShellScriptBuildPhase;
			buildActionMask = 2147483647;
			files = (
			);
			inputFileListPaths = (
			);
			inputPaths = (
				"${PODS_PODFILE_DIR_PATH}/Podfile.lock",
				"${PODS_ROOT}/Manifest.lock",
			);
			name = "[CP] Check Pods Manifest.lock";
			outputFileListPaths = (
			);
			outputPaths = (
				"$(DERIVED_FILE_DIR)/Pods-FlixsterTests-checkManifestLockResult.txt",
			);
			runOnlyForDeploymentPostprocessing = 0;
			shellPath = /bin/sh;
			shellScript = "diff \"${PODS_PODFILE_DIR_PATH}/Podfile.lock\" \"${PODS_ROOT}/Manifest.lock\" > /dev/null\nif [ $? != 0 ] ; then\n    # print error to STDERR\n    echo \"error: The sandbox is not in sync with the Podfile.lock. Run 'pod install' or update your CocoaPods installation.\" >&2\n    exit 1\nfi\n# This output is used by Xcode 'outputs' to avoid re-running this script phase.\necho \"SUCCESS\" > \"${SCRIPT_OUTPUT_FILE_0}\"\n";
			showEnvVarsInLog = 0;
		};
		E82934687AF5A208C2E52362 /* [CP] Embed Pods Frameworks */ = {
			isa = PBXShellScriptBuildPhase;
			buildActionMask = 2147483647;
			files = (
			);
			inputFileListPaths = (
				"${PODS_ROOT}/Target Support Files/Pods-Flixster-FlixsterUITests/Pods-Flixster-FlixsterUITests-frameworks-${CONFIGURATION}-input-files.xcfilelist",
			);
			name = "[CP] Embed Pods Frameworks";
			outputFileListPaths = (
				"${PODS_ROOT}/Target Support Files/Pods-Flixster-FlixsterUITests/Pods-Flixster-FlixsterUITests-frameworks-${CONFIGURATION}-output-files.xcfilelist",
			);
			runOnlyForDeploymentPostprocessing = 0;
			shellPath = /bin/sh;
			shellScript = "\"${PODS_ROOT}/Target Support Files/Pods-Flixster-FlixsterUITests/Pods-Flixster-FlixsterUITests-frameworks.sh\"\n";
			showEnvVarsInLog = 0;
		};
/* End PBXShellScriptBuildPhase section */

/* Begin PBXSourcesBuildPhase section */
		FD4CDD0A2506ECBF00CECEA4 /* Sources */ = {
			isa = PBXSourcesBuildPhase;
			buildActionMask = 2147483647;
			files = (
				FDF5633D25101FF400386C00 /* MovieDetailsViewController.swift in Sources */,
				FD4CDD122506ECBF00CECEA4 /* AppDelegate.swift in Sources */,
				FD4CDD142506ECBF00CECEA4 /* SceneDelegate.swift in Sources */,
				FD4CDD4425070D0400CECEA4 /* MovieCell.swift in Sources */,
				FD4CDD422506ED5300CECEA4 /* MoviesViewController.swift in Sources */,
				FDA882A12510558100EC5EB1 /* MovieGridViewController.swift in Sources */,
				FDA882A325105AAE00EC5EB1 /* MovieGridCell.swift in Sources */,
			);
			runOnlyForDeploymentPostprocessing = 0;
		};
		FD4CDD202506ECC000CECEA4 /* Sources */ = {
			isa = PBXSourcesBuildPhase;
			buildActionMask = 2147483647;
			files = (
				FD4CDD292506ECC000CECEA4 /* FlixsterTests.swift in Sources */,
			);
			runOnlyForDeploymentPostprocessing = 0;
		};
		FD4CDD2B2506ECC000CECEA4 /* Sources */ = {
			isa = PBXSourcesBuildPhase;
			buildActionMask = 2147483647;
			files = (
				FD4CDD342506ECC000CECEA4 /* FlixsterUITests.swift in Sources */,
			);
			runOnlyForDeploymentPostprocessing = 0;
		};
/* End PBXSourcesBuildPhase section */

/* Begin PBXTargetDependency section */
		FD4CDD262506ECC000CECEA4 /* PBXTargetDependency */ = {
			isa = PBXTargetDependency;
			target = FD4CDD0D2506ECBF00CECEA4 /* Flixster */;
			targetProxy = FD4CDD252506ECC000CECEA4 /* PBXContainerItemProxy */;
		};
		FD4CDD312506ECC000CECEA4 /* PBXTargetDependency */ = {
			isa = PBXTargetDependency;
			target = FD4CDD0D2506ECBF00CECEA4 /* Flixster */;
			targetProxy = FD4CDD302506ECC000CECEA4 /* PBXContainerItemProxy */;
		};
/* End PBXTargetDependency section */

/* Begin PBXVariantGroup section */
		FD4CDD172506ECBF00CECEA4 /* Main.storyboard */ = {
			isa = PBXVariantGroup;
			children = (
				FD4CDD182506ECBF00CECEA4 /* Base */,
			);
			name = Main.storyboard;
			sourceTree = "<group>";
		};
		FD4CDD1C2506ECC000CECEA4 /* LaunchScreen.storyboard */ = {
			isa = PBXVariantGroup;
			children = (
				FD4CDD1D2506ECC000CECEA4 /* Base */,
			);
			name = LaunchScreen.storyboard;
			sourceTree = "<group>";
		};
/* End PBXVariantGroup section */

/* Begin XCBuildConfiguration section */
		FD4CDD362506ECC000CECEA4 /* Debug */ = {
			isa = XCBuildConfiguration;
			buildSettings = {
				ALWAYS_SEARCH_USER_PATHS = NO;
				CLANG_ANALYZER_NONNULL = YES;
				CLANG_ANALYZER_NUMBER_OBJECT_CONVERSION = YES_AGGRESSIVE;
				CLANG_CXX_LANGUAGE_STANDARD = "gnu++14";
				CLANG_CXX_LIBRARY = "libc++";
				CLANG_ENABLE_MODULES = YES;
				CLANG_ENABLE_OBJC_ARC = YES;
				CLANG_ENABLE_OBJC_WEAK = YES;
				CLANG_WARN_BLOCK_CAPTURE_AUTORELEASING = YES;
				CLANG_WARN_BOOL_CONVERSION = YES;
				CLANG_WARN_COMMA = YES;
				CLANG_WARN_CONSTANT_CONVERSION = YES;
				CLANG_WARN_DEPRECATED_OBJC_IMPLEMENTATIONS = YES;
				CLANG_WARN_DIRECT_OBJC_ISA_USAGE = YES_ERROR;
				CLANG_WARN_DOCUMENTATION_COMMENTS = YES;
				CLANG_WARN_EMPTY_BODY = YES;
				CLANG_WARN_ENUM_CONVERSION = YES;
				CLANG_WARN_INFINITE_RECURSION = YES;
				CLANG_WARN_INT_CONVERSION = YES;
				CLANG_WARN_NON_LITERAL_NULL_CONVERSION = YES;
				CLANG_WARN_OBJC_IMPLICIT_RETAIN_SELF = YES;
				CLANG_WARN_OBJC_LITERAL_CONVERSION = YES;
				CLANG_WARN_OBJC_ROOT_CLASS = YES_ERROR;
				CLANG_WARN_RANGE_LOOP_ANALYSIS = YES;
				CLANG_WARN_STRICT_PROTOTYPES = YES;
				CLANG_WARN_SUSPICIOUS_MOVE = YES;
				CLANG_WARN_UNGUARDED_AVAILABILITY = YES_AGGRESSIVE;
				CLANG_WARN_UNREACHABLE_CODE = YES;
				CLANG_WARN__DUPLICATE_METHOD_MATCH = YES;
				COPY_PHASE_STRIP = NO;
				DEBUG_INFORMATION_FORMAT = dwarf;
				ENABLE_STRICT_OBJC_MSGSEND = YES;
				ENABLE_TESTABILITY = YES;
				GCC_C_LANGUAGE_STANDARD = gnu11;
				GCC_DYNAMIC_NO_PIC = NO;
				GCC_NO_COMMON_BLOCKS = YES;
				GCC_OPTIMIZATION_LEVEL = 0;
				GCC_PREPROCESSOR_DEFINITIONS = (
					"DEBUG=1",
					"$(inherited)",
				);
				GCC_WARN_64_TO_32_BIT_CONVERSION = YES;
				GCC_WARN_ABOUT_RETURN_TYPE = YES_ERROR;
				GCC_WARN_UNDECLARED_SELECTOR = YES;
				GCC_WARN_UNINITIALIZED_AUTOS = YES_AGGRESSIVE;
				GCC_WARN_UNUSED_FUNCTION = YES;
				GCC_WARN_UNUSED_VARIABLE = YES;
				IPHONEOS_DEPLOYMENT_TARGET = 13.7;
				MTL_ENABLE_DEBUG_INFO = INCLUDE_SOURCE;
				MTL_FAST_MATH = YES;
				ONLY_ACTIVE_ARCH = YES;
				SDKROOT = iphoneos;
				SWIFT_ACTIVE_COMPILATION_CONDITIONS = DEBUG;
				SWIFT_OPTIMIZATION_LEVEL = "-Onone";
			};
			name = Debug;
		};
		FD4CDD372506ECC000CECEA4 /* Release */ = {
			isa = XCBuildConfiguration;
			buildSettings = {
				ALWAYS_SEARCH_USER_PATHS = NO;
				CLANG_ANALYZER_NONNULL = YES;
				CLANG_ANALYZER_NUMBER_OBJECT_CONVERSION = YES_AGGRESSIVE;
				CLANG_CXX_LANGUAGE_STANDARD = "gnu++14";
				CLANG_CXX_LIBRARY = "libc++";
				CLANG_ENABLE_MODULES = YES;
				CLANG_ENABLE_OBJC_ARC = YES;
				CLANG_ENABLE_OBJC_WEAK = YES;
				CLANG_WARN_BLOCK_CAPTURE_AUTORELEASING = YES;
				CLANG_WARN_BOOL_CONVERSION = YES;
				CLANG_WARN_COMMA = YES;
				CLANG_WARN_CONSTANT_CONVERSION = YES;
				CLANG_WARN_DEPRECATED_OBJC_IMPLEMENTATIONS = YES;
				CLANG_WARN_DIRECT_OBJC_ISA_USAGE = YES_ERROR;
				CLANG_WARN_DOCUMENTATION_COMMENTS = YES;
				CLANG_WARN_EMPTY_BODY = YES;
				CLANG_WARN_ENUM_CONVERSION = YES;
				CLANG_WARN_INFINITE_RECURSION = YES;
				CLANG_WARN_INT_CONVERSION = YES;
				CLANG_WARN_NON_LITERAL_NULL_CONVERSION = YES;
				CLANG_WARN_OBJC_IMPLICIT_RETAIN_SELF = YES;
				CLANG_WARN_OBJC_LITERAL_CONVERSION = YES;
				CLANG_WARN_OBJC_ROOT_CLASS = YES_ERROR;
				CLANG_WARN_RANGE_LOOP_ANALYSIS = YES;
				CLANG_WARN_STRICT_PROTOTYPES = YES;
				CLANG_WARN_SUSPICIOUS_MOVE = YES;
				CLANG_WARN_UNGUARDED_AVAILABILITY = YES_AGGRESSIVE;
				CLANG_WARN_UNREACHABLE_CODE = YES;
				CLANG_WARN__DUPLICATE_METHOD_MATCH = YES;
				COPY_PHASE_STRIP = NO;
				DEBUG_INFORMATION_FORMAT = "dwarf-with-dsym";
				ENABLE_NS_ASSERTIONS = NO;
				ENABLE_STRICT_OBJC_MSGSEND = YES;
				GCC_C_LANGUAGE_STANDARD = gnu11;
				GCC_NO_COMMON_BLOCKS = YES;
				GCC_WARN_64_TO_32_BIT_CONVERSION = YES;
				GCC_WARN_ABOUT_RETURN_TYPE = YES_ERROR;
				GCC_WARN_UNDECLARED_SELECTOR = YES;
				GCC_WARN_UNINITIALIZED_AUTOS = YES_AGGRESSIVE;
				GCC_WARN_UNUSED_FUNCTION = YES;
				GCC_WARN_UNUSED_VARIABLE = YES;
				IPHONEOS_DEPLOYMENT_TARGET = 13.7;
				MTL_ENABLE_DEBUG_INFO = NO;
				MTL_FAST_MATH = YES;
				SDKROOT = iphoneos;
				SWIFT_COMPILATION_MODE = wholemodule;
				SWIFT_OPTIMIZATION_LEVEL = "-O";
				VALIDATE_PRODUCT = YES;
			};
			name = Release;
		};
		FD4CDD392506ECC000CECEA4 /* Debug */ = {
			isa = XCBuildConfiguration;
			baseConfigurationReference = FA277787D91A8B2535C60DE6 /* Pods-Flixster.debug.xcconfig */;
			buildSettings = {
				ASSETCATALOG_COMPILER_APPICON_NAME = AppIcon;
				CODE_SIGN_STYLE = Automatic;
				DEVELOPMENT_TEAM = 5VPGYH7BWW;
				INFOPLIST_FILE = Flixster/Info.plist;
				LD_RUNPATH_SEARCH_PATHS = (
					"$(inherited)",
					"@executable_path/Frameworks",
				);
				PRODUCT_BUNDLE_IDENTIFIER = "burbina95-yahoo.com.Flixster";
				PRODUCT_NAME = "$(TARGET_NAME)";
				SWIFT_VERSION = 5.0;
				TARGETED_DEVICE_FAMILY = "1,2";
			};
			name = Debug;
		};
		FD4CDD3A2506ECC000CECEA4 /* Release */ = {
			isa = XCBuildConfiguration;
			baseConfigurationReference = D81229737490020310ECB54F /* Pods-Flixster.release.xcconfig */;
			buildSettings = {
				ASSETCATALOG_COMPILER_APPICON_NAME = AppIcon;
				CODE_SIGN_STYLE = Automatic;
				DEVELOPMENT_TEAM = 5VPGYH7BWW;
				INFOPLIST_FILE = Flixster/Info.plist;
				LD_RUNPATH_SEARCH_PATHS = (
					"$(inherited)",
					"@executable_path/Frameworks",
				);
				PRODUCT_BUNDLE_IDENTIFIER = "burbina95-yahoo.com.Flixster";
				PRODUCT_NAME = "$(TARGET_NAME)";
				SWIFT_VERSION = 5.0;
				TARGETED_DEVICE_FAMILY = "1,2";
			};
			name = Release;
		};
		FD4CDD3C2506ECC000CECEA4 /* Debug */ = {
			isa = XCBuildConfiguration;
			baseConfigurationReference = 991D7E7154F2307D3CFC1D7E /* Pods-FlixsterTests.debug.xcconfig */;
			buildSettings = {
				ALWAYS_EMBED_SWIFT_STANDARD_LIBRARIES = YES;
				BUNDLE_LOADER = "$(TEST_HOST)";
				CODE_SIGN_STYLE = Automatic;
				DEVELOPMENT_TEAM = 5VPGYH7BWW;
				INFOPLIST_FILE = FlixsterTests/Info.plist;
				IPHONEOS_DEPLOYMENT_TARGET = 13.7;
				LD_RUNPATH_SEARCH_PATHS = (
					"$(inherited)",
					"@executable_path/Frameworks",
					"@loader_path/Frameworks",
				);
				PRODUCT_BUNDLE_IDENTIFIER = "burbina95-yahoo.com.FlixsterTests";
				PRODUCT_NAME = "$(TARGET_NAME)";
				SWIFT_VERSION = 5.0;
				TARGETED_DEVICE_FAMILY = "1,2";
				TEST_HOST = "$(BUILT_PRODUCTS_DIR)/Flixster.app/Flixster";
			};
			name = Debug;
		};
		FD4CDD3D2506ECC000CECEA4 /* Release */ = {
			isa = XCBuildConfiguration;
			baseConfigurationReference = F36A53FD89ABBAD343C135E1 /* Pods-FlixsterTests.release.xcconfig */;
			buildSettings = {
				ALWAYS_EMBED_SWIFT_STANDARD_LIBRARIES = YES;
				BUNDLE_LOADER = "$(TEST_HOST)";
				CODE_SIGN_STYLE = Automatic;
				DEVELOPMENT_TEAM = 5VPGYH7BWW;
				INFOPLIST_FILE = FlixsterTests/Info.plist;
				IPHONEOS_DEPLOYMENT_TARGET = 13.7;
				LD_RUNPATH_SEARCH_PATHS = (
					"$(inherited)",
					"@executable_path/Frameworks",
					"@loader_path/Frameworks",
				);
				PRODUCT_BUNDLE_IDENTIFIER = "burbina95-yahoo.com.FlixsterTests";
				PRODUCT_NAME = "$(TARGET_NAME)";
				SWIFT_VERSION = 5.0;
				TARGETED_DEVICE_FAMILY = "1,2";
				TEST_HOST = "$(BUILT_PRODUCTS_DIR)/Flixster.app/Flixster";
			};
			name = Release;
		};
		FD4CDD3F2506ECC000CECEA4 /* Debug */ = {
			isa = XCBuildConfiguration;
			baseConfigurationReference = 4E2B8E02E5A7622B1EACB4CC /* Pods-Flixster-FlixsterUITests.debug.xcconfig */;
			buildSettings = {
				ALWAYS_EMBED_SWIFT_STANDARD_LIBRARIES = YES;
				CODE_SIGN_STYLE = Automatic;
				DEVELOPMENT_TEAM = 5VPGYH7BWW;
				INFOPLIST_FILE = FlixsterUITests/Info.plist;
				LD_RUNPATH_SEARCH_PATHS = (
					"$(inherited)",
					"@executable_path/Frameworks",
					"@loader_path/Frameworks",
				);
				PRODUCT_BUNDLE_IDENTIFIER = "burbina95-yahoo.com.FlixsterUITests";
				PRODUCT_NAME = "$(TARGET_NAME)";
				SWIFT_VERSION = 5.0;
				TARGETED_DEVICE_FAMILY = "1,2";
				TEST_TARGET_NAME = Flixster;
			};
			name = Debug;
		};
		FD4CDD402506ECC000CECEA4 /* Release */ = {
			isa = XCBuildConfiguration;
			baseConfigurationReference = 2443D7F7F1B340403B60EA46 /* Pods-Flixster-FlixsterUITests.release.xcconfig */;
			buildSettings = {
				ALWAYS_EMBED_SWIFT_STANDARD_LIBRARIES = YES;
				CODE_SIGN_STYLE = Automatic;
				DEVELOPMENT_TEAM = 5VPGYH7BWW;
				INFOPLIST_FILE = FlixsterUITests/Info.plist;
				LD_RUNPATH_SEARCH_PATHS = (
					"$(inherited)",
					"@executable_path/Frameworks",
					"@loader_path/Frameworks",
				);
				PRODUCT_BUNDLE_IDENTIFIER = "burbina95-yahoo.com.FlixsterUITests";
				PRODUCT_NAME = "$(TARGET_NAME)";
				SWIFT_VERSION = 5.0;
				TARGETED_DEVICE_FAMILY = "1,2";
				TEST_TARGET_NAME = Flixster;
			};
			name = Release;
		};
/* End XCBuildConfiguration section */

/* Begin XCConfigurationList section */
		FD4CDD092506ECBF00CECEA4 /* Build configuration list for PBXProject "Flixster" */ = {
			isa = XCConfigurationList;
			buildConfigurations = (
				FD4CDD362506ECC000CECEA4 /* Debug */,
				FD4CDD372506ECC000CECEA4 /* Release */,
			);
			defaultConfigurationIsVisible = 0;
			defaultConfigurationName = Release;
		};
		FD4CDD382506ECC000CECEA4 /* Build configuration list for PBXNativeTarget "Flixster" */ = {
			isa = XCConfigurationList;
			buildConfigurations = (
				FD4CDD392506ECC000CECEA4 /* Debug */,
				FD4CDD3A2506ECC000CECEA4 /* Release */,
			);
			defaultConfigurationIsVisible = 0;
			defaultConfigurationName = Release;
		};
		FD4CDD3B2506ECC000CECEA4 /* Build configuration list for PBXNativeTarget "FlixsterTests" */ = {
			isa = XCConfigurationList;
			buildConfigurations = (
				FD4CDD3C2506ECC000CECEA4 /* Debug */,
				FD4CDD3D2506ECC000CECEA4 /* Release */,
			);
			defaultConfigurationIsVisible = 0;
			defaultConfigurationName = Release;
		};
		FD4CDD3E2506ECC000CECEA4 /* Build configuration list for PBXNativeTarget "FlixsterUITests" */ = {
			isa = XCConfigurationList;
			buildConfigurations = (
				FD4CDD3F2506ECC000CECEA4 /* Debug */,
				FD4CDD402506ECC000CECEA4 /* Release */,
			);
			defaultConfigurationIsVisible = 0;
			defaultConfigurationName = Release;
		};
/* End XCConfigurationList section */
	};
	rootObject = FD4CDD062506ECBF00CECEA4 /* Project object */;
}
